
Microsoft Visual Studio Solution File, Format Version 12.00
# Visual Studio Version 16
VisualStudioVersion = 16.0.30204.135
MinimumVisualStudioVersion = 10.0.40219.1
Project("{FAE04EC0-301F-11D3-BF4B-00C04F79EFBC}") = "SingletonPattern", "SingletonPattern\SingletonPattern.csproj", "{7E05CB9B-4C88-4482-9B38-3F74AED451BB}"
EndProject
Global
	GlobalSection(SolutionConfigurationPlatforms) = preSolution
		Debug|Any CPU = Debug|Any CPU
		Release|Any CPU = Release|Any CPU
	EndGlobalSection
	GlobalSection(ProjectConfigurationPlatforms) = postSolution
		{7E05CB9B-4C88-4482-9B38-3F74AED451BB}.Debug|Any CPU.ActiveCfg = Debug|Any CPU
		{7E05CB9B-4C88-4482-9B38-3F74AED451BB}.Debug|Any CPU.Build.0 = Debug|Any CPU
		{7E05CB9B-4C88-4482-9B38-3F74AED451BB}.Release|Any CPU.ActiveCfg = Release|Any CPU
		{7E05CB9B-4C88-4482-9B38-3F74AED451BB}.Release|Any CPU.Build.0 = Release|Any CPU
	EndGlobalSection
	GlobalSection(SolutionProperties) = preSolution
		HideSolutionNode = FALSE
	EndGlobalSection
	GlobalSection(ExtensibilityGlobals) = postSolution
		SolutionGuid = {F39A3E9F-AF53-4442-B33A-31873859F70F}
	EndGlobalSection
EndGlobal
